
Microsoft Visual Studio Solution File, Format Version 12.00
# Visual Studio Version 16
VisualStudioVersion = 16.0.30523.141
MinimumVisualStudioVersion = 10.0.40219.1
Project("{FAE04EC0-301F-11D3-BF4B-00C04F79EFBC}") = "PositivityZone.Android", "PositivityZone\PositivityZone.Android\PositivityZone.Android.csproj", "{D01C1F63-9919-4CD6-AFAB-2765E9AC32B3}"
EndProject
Project("{9A19103F-16F7-4668-BE54-9A1E7A4F7556}") = "PositivityZone", "PositivityZone\PositivityZone\PositivityZone.csproj", "{8AED0631-267A-480C-A82D-7260AA1B3D12}"
EndProject
Global
	GlobalSection(SolutionConfigurationPlatforms) = preSolution
		Debug|Any CPU = Debug|Any CPU
		Release|Any CPU = Release|Any CPU
	EndGlobalSection
	GlobalSection(ProjectConfigurationPlatforms) = postSolution
		{D01C1F63-9919-4CD6-AFAB-2765E9AC32B3}.Debug|Any CPU.ActiveCfg = Debug|Any CPU
		{D01C1F63-9919-4CD6-AFAB-2765E9AC32B3}.Debug|Any CPU.Build.0 = Debug|Any CPU
		{D01C1F63-9919-4CD6-AFAB-2765E9AC32B3}.Debug|Any CPU.Deploy.0 = Debug|Any CPU
		{D01C1F63-9919-4CD6-AFAB-2765E9AC32B3}.Release|Any CPU.ActiveCfg = Release|Any CPU
		{D01C1F63-9919-4CD6-AFAB-2765E9AC32B3}.Release|Any CPU.Build.0 = Release|Any CPU
		{D01C1F63-9919-4CD6-AFAB-2765E9AC32B3}.Release|Any CPU.Deploy.0 = Release|Any CPU
		{8AED0631-267A-480C-A82D-7260AA1B3D12}.Debug|Any CPU.ActiveCfg = Debug|Any CPU
		{8AED0631-267A-480C-A82D-7260AA1B3D12}.Debug|Any CPU.Build.0 = Debug|Any CPU
		{8AED0631-267A-480C-A82D-7260AA1B3D12}.Release|Any CPU.ActiveCfg = Release|Any CPU
		{8AED0631-267A-480C-A82D-7260AA1B3D12}.Release|Any CPU.Build.0 = Release|Any CPU
	EndGlobalSection
	GlobalSection(SolutionProperties) = preSolution
		HideSolutionNode = FALSE
	EndGlobalSection
	GlobalSection(ExtensibilityGlobals) = postSolution
		SolutionGuid = {D1538AA0-347A-468A-A576-3F2ECBE911E2}
	EndGlobalSection
EndGlobal
